
Microsoft Visual Studio Solution File, Format Version 12.00
# Visual Studio Version 17
VisualStudioVersion = 17.7.34024.191
MinimumVisualStudioVersion = 10.0.40219.1
Project("{FAE04EC0-301F-11D3-BF4B-00C04F79EFBC}") = "CIS325CFC", "CIS325CFC.csproj", "{58417FBA-19CA-43C3-9BC0-F3A466EBA240}"
EndProject
Global
	GlobalSection(SolutionConfigurationPlatforms) = preSolution
		Debug|Any CPU = Debug|Any CPU
		Release|Any CPU = Release|Any CPU
	EndGlobalSection
	GlobalSection(ProjectConfigurationPlatforms) = postSolution
		{58417FBA-19CA-43C3-9BC0-F3A466EBA240}.Debug|Any CPU.ActiveCfg = Debug|Any CPU
		{58417FBA-19CA-43C3-9BC0-F3A466EBA240}.Debug|Any CPU.Build.0 = Debug|Any CPU
		{58417FBA-19CA-43C3-9BC0-F3A466EBA240}.Release|Any CPU.ActiveCfg = Release|Any CPU
		{58417FBA-19CA-43C3-9BC0-F3A466EBA240}.Release|Any CPU.Build.0 = Release|Any CPU
	EndGlobalSection
	GlobalSection(SolutionProperties) = preSolution
		HideSolutionNode = FALSE
	EndGlobalSection
	GlobalSection(ExtensibilityGlobals) = postSolution
		SolutionGuid = {B0933764-C37E-4487-9F69-B93756CB55C2}
	EndGlobalSection
EndGlobal
